# This file is automatically @generated by Cargo.
# It is not intended for manual editing.
version = 4

[[package]]
name = "flowtile-cli"
version = "0.0.3"
dependencies = [
 "flowtile-domain",
 "flowtile-ipc",
]

[[package]]
name = "flowtile-config-rules"
version = "0.0.3"

[[package]]
name = "flowtile-core-daemon"
version = "0.0.3"
dependencies = [
 "flowtile-domain",
 "flowtile-wm-core",
]

[[package]]
name = "flowtile-diagnostics"
version = "0.0.3"
dependencies = [
 "flowtile-domain",
]

[[package]]
name = "flowtile-domain"
version = "0.0.3"

[[package]]
name = "flowtile-ipc"
version = "0.0.3"

[[package]]
name = "flowtile-layout-engine"
version = "0.0.3"
dependencies = [
 "flowtile-domain",
]

[[package]]
name = "flowtile-windows-adapter"
version = "0.0.3"

[[package]]
name = "flowtile-wm-core"
version = "0.0.3"
dependencies = [
 "flowtile-config-rules",
 "flowtile-diagnostics",
 "flowtile-domain",
 "flowtile-ipc",
 "flowtile-layout-engine",
 "flowtile-windows-adapter",
]
